
Microsoft Visual Studio Solution File, Format Version 12.00
# Visual Studio Version 17
VisualStudioVersion = 17.6.33723.286
MinimumVisualStudioVersion = 10.0.40219.1
Project("{FAE04EC0-301F-11D3-BF4B-00C04F79EFBC}") = "damaOyunu", "damaOyunu\damaOyunu.csproj", "{A01B09C8-9914-4AE4-A0FF-20CB03533E38}"
EndProject
Global
	GlobalSection(SolutionConfigurationPlatforms) = preSolution
		Debug|Any CPU = Debug|Any CPU
		Release|Any CPU = Release|Any CPU
	EndGlobalSection
	GlobalSection(ProjectConfigurationPlatforms) = postSolution
		{A01B09C8-9914-4AE4-A0FF-20CB03533E38}.Debug|Any CPU.ActiveCfg = Debug|Any CPU
		{A01B09C8-9914-4AE4-A0FF-20CB03533E38}.Debug|Any CPU.Build.0 = Debug|Any CPU
		{A01B09C8-9914-4AE4-A0FF-20CB03533E38}.Release|Any CPU.ActiveCfg = Release|Any CPU
		{A01B09C8-9914-4AE4-A0FF-20CB03533E38}.Release|Any CPU.Build.0 = Release|Any CPU
	EndGlobalSection
	GlobalSection(SolutionProperties) = preSolution
		HideSolutionNode = FALSE
	EndGlobalSection
	GlobalSection(ExtensibilityGlobals) = postSolution
		SolutionGuid = {A4A9E5E4-A422-4423-88B6-726DEC843881}
	EndGlobalSection
EndGlobal
